
Microsoft Visual Studio Solution File, Format Version 12.00
# Visual Studio 15
VisualStudioVersion = 15.0.27130.2027
MinimumVisualStudioVersion = 10.0.40219.1
Project("{FAE04EC0-301F-11D3-BF4B-00C04F79EFBC}") = "Milestone1", "Milestone1\Milestone1.csproj", "{52AA1734-F909-44C1-9CCE-EC173BD5031F}"
EndProject
Global
	GlobalSection(SolutionConfigurationPlatforms) = preSolution
		Debug|Any CPU = Debug|Any CPU
		Release|Any CPU = Release|Any CPU
	EndGlobalSection
	GlobalSection(ProjectConfigurationPlatforms) = postSolution
		{52AA1734-F909-44C1-9CCE-EC173BD5031F}.Debug|Any CPU.ActiveCfg = Debug|Any CPU
		{52AA1734-F909-44C1-9CCE-EC173BD5031F}.Debug|Any CPU.Build.0 = Debug|Any CPU
		{52AA1734-F909-44C1-9CCE-EC173BD5031F}.Release|Any CPU.ActiveCfg = Release|Any CPU
		{52AA1734-F909-44C1-9CCE-EC173BD5031F}.Release|Any CPU.Build.0 = Release|Any CPU
	EndGlobalSection
	GlobalSection(SolutionProperties) = preSolution
		HideSolutionNode = FALSE
	EndGlobalSection
	GlobalSection(ExtensibilityGlobals) = postSolution
		SolutionGuid = {CFF35A70-C87D-4584-94B5-AE70FD4B3AF6}
	EndGlobalSection
EndGlobal
